# This file was autogenerated by Stack.
# You should not edit this file by hand.
# For more information, please see the documentation at:
#   https://docs.haskellstack.org/en/stable/lock_files

packages:
- completed:
    hackage: nonempty-vector-0.2.0.2@sha256:53e8af9a39b7fe51843fedb8e548a8f7f0d6ccbe70157d4c92ab6d41a02b1de1,1432
    pantry-tree:
      size: 460
      sha256: 6f66b61833cd539a0a546b4453c224abfbd2fb2c23ae8f4f2c4e1a368da9db8d
  original:
    hackage: nonempty-vector-0.2.0.2
- completed:
    hackage: hedgehog-1.0.3@sha256:dd9a25bf904fe444d5de471d0933261ef2c9a1110330460e037e0fef86fac89e,4622
    pantry-tree:
      size: 2621
      sha256: 44224ad162df1653b211fde65c194e46de4c137780675ba7fa43fe4879f41a58
  original:
    hackage: hedgehog-1.0.3
- completed:
    hackage: hedgehog-fn-1.0@sha256:6316a86744e6730b031287a498b5089e5caab83c0a9af3c9d566696dd82642ff,1816
    pantry-tree:
      size: 360
      sha256: eed47be7db19e0baa77e82155c8ba97ea3c6c5eea48d97ccbfaba1c7f678e375
  original:
    hackage: hedgehog-fn-1.0
- completed:
    hackage: tasty-hedgehog-1.0.0.2@sha256:f491beff9461e849f5008e5a65b2c9d7f97365e170c7ae03ea170c90b6d6877c,1845
    pantry-tree:
      size: 330
      sha256: 44204a0768860a35b427360ea7380cb135c292d0db255a44cee43790124ab55c
  original:
    hackage: tasty-hedgehog-1.0.0.2
- completed:
    hackage: pretty-show-1.9.5@sha256:92aa3f43d8459a9b543e102fbb0b7a6aae0074e18ca6a9970d9922a867114f53,1963
    pantry-tree:
      size: 735
      sha256: 99f373f488e3ec7391d856be1675c6e06eb994dd31c38edc7e19b8e4054fdb38
  original:
    hackage: pretty-show-1.9.5
snapshots:
- completed:
    size: 532379
    url: https://raw.githubusercontent.com/commercialhaskell/stackage-snapshots/master/lts/16/8.yaml
    sha256: 2ad3210d2ad35f3176005d68369a18e4d984517bfaa2caade76f28ed0b2e0521
  original: lts-16.8
