# This file was autogenerated by Stack.
# You should not edit this file by hand.
# For more information, please see the documentation at:
#   https://docs.haskellstack.org/en/stable/lock_files

packages:
- completed:
    hackage: nonempty-vector-0.0.1.1@sha256:a3d9b42d74491ad6b7ede8176852ae0350540f753e170635339a2d8fe8392698,1825
    pantry-tree:
      size: 418
      sha256: 817f1cae96ec9ad94729760cf734f0b974d9ba045d3dd2de5cc9dd8ea75a76ed
  original:
    hackage: nonempty-vector-0.0.1.1
- completed:
    hackage: hedgehog-1.0@sha256:440dafedac48a34eac3871f8622b215462cfc0708536cb0458b7a8cf38247c69,4463
    pantry-tree:
      size: 2409
      sha256: 985f5ddc16bc1fd4b0c33d4b4e6f54d205fc63aa97b5912b0fcb370dc2a672e3
  original:
    hackage: hedgehog-1.0
- completed:
    hackage: hedgehog-fn-1.0@sha256:6316a86744e6730b031287a498b5089e5caab83c0a9af3c9d566696dd82642ff,1816
    pantry-tree:
      size: 360
      sha256: eed47be7db19e0baa77e82155c8ba97ea3c6c5eea48d97ccbfaba1c7f678e375
  original:
    hackage: hedgehog-fn-1.0
- completed:
    hackage: tasty-hedgehog-1.0.0.1@sha256:cdcf60a29195bd0d819d3018c11db2e0deb7c6e559ad940c49409a5a7a982f83,1766
    pantry-tree:
      size: 330
      sha256: 7c26d9584f8ad1a86d9f5cbd6f5a8b81219eaee992e5a098ddab29a6c0b4b2bf
  original:
    hackage: tasty-hedgehog-1.0.0.1
snapshots:
- completed:
    size: 513872
    url: https://raw.githubusercontent.com/commercialhaskell/stackage-snapshots/master/nightly/2019/6/28.yaml
    sha256: 60d99bc77de2ab71baaf7114873210155f84e8ae78350f113a1e6307a6b1995c
  original: nightly-2019-06-28
