# This file was autogenerated by Stack.
# You should not edit this file by hand.
# For more information, please see the documentation at:
#   https://docs.haskellstack.org/en/stable/lock_files

packages:
- completed:
    hackage: hedgehog-0.6.1@sha256:341e27c8e042ad78fffb72b5444cb87f0d5c37e38533256d41f30d1f96ec954f,4151
    pantry-tree:
      size: 2138
      sha256: 6487fd6ffce837be0b24b820df62c7165c3edeb2a84ab959077d836ac494b504
  original:
    hackage: hedgehog-0.6.1
- completed:
    hackage: hedgehog-fn-0.6@sha256:61ad7f2a563825a037decfc0c3301f6d83b8d8ec16296f9b7a411b8a5e5567a7,1884
    pantry-tree:
      size: 405
      sha256: 64b77d7b00a710fc3c5ed54949508364eca71c7103556d606b242f2a835c41a0
  original:
    hackage: hedgehog-fn-0.6
- completed:
    hackage: tasty-hedgehog-0.2.0.0@sha256:83a8b777fa472040979e44dba43c32441f55d5ddb9641a4d53deee4b0e09fa34,1656
    pantry-tree:
      size: 330
      sha256: 1db78ecf877d3c31643d20160c26e6dd8096d1ae69a27edb2021c72511dba1d8
  original:
    hackage: tasty-hedgehog-0.2.0.0
snapshots:
- completed:
    size: 511614
    url: https://raw.githubusercontent.com/commercialhaskell/stackage-snapshots/master/nightly/2019/6/10.yaml
    sha256: e9389ccd6c48a88c5c1727fe105204bc5615dd3f8ba4d2db6e79d476755f0c65
  original: nightly-2019-06-10
